
Microsoft Visual Studio Solution File, Format Version 12.00
# Visual Studio Version 17
VisualStudioVersion = 17.3.32929.385
MinimumVisualStudioVersion = 10.0.40219.1
Project("{9A19103F-16F7-4668-BE54-9A1E7A4F7556}") = "Guga.Collector", "Guga.Collector\Guga.Collector.csproj", "{E9E63F64-1CB6-4E56-9887-04C7E20E603C}"
EndProject
Project("{9A19103F-16F7-4668-BE54-9A1E7A4F7556}") = "Guga.Core", "Guga.Core\Guga.Core.csproj", "{ECFDCD2F-D2B7-460D-AF68-B4D8AFCB5BA0}"
EndProject
Project("{9A19103F-16F7-4668-BE54-9A1E7A4F7556}") = "Guga.ConsoleApp", "Guga.ConsoleApp\Guga.ConsoleApp.csproj", "{60FEC220-B13D-4941-B5F3-AA621F00EB52}"
EndProject
Project("{9A19103F-16F7-4668-BE54-9A1E7A4F7556}") = "Guga.BlazorApp", "Guga.BlazorApp\Guga.BlazorApp\Guga.BlazorApp.csproj", "{DDA62FC5-7524-4817-B7FD-C3121488BCBB}"
EndProject
Project("{9A19103F-16F7-4668-BE54-9A1E7A4F7556}") = "Guga.BlazorApp.Client", "Guga.BlazorApp\Guga.BlazorApp.Client\Guga.BlazorApp.Client.csproj", "{687D96BB-D71F-45F8-BBDF-CB0C168C4B40}"
EndProject
Project("{9A19103F-16F7-4668-BE54-9A1E7A4F7556}") = "Guga.Redis", "Guga.Redis\Guga.Redis.csproj", "{13D0DCA7-0A71-4507-9048-FB1C6D40B46A}"
EndProject
Project("{FAE04EC0-301F-11D3-BF4B-00C04F79EFBC}") = "Guga.Models", "Guga.Model\Guga.Models.csproj", "{8201B6CB-ACB2-43B6-9D50-65D1FAC938FE}"
EndProject
Project("{FAE04EC0-301F-11D3-BF4B-00C04F79EFBC}") = "Guga.Options", "Guga.Options\Guga.Options.csproj", "{31B258AF-47D1-48D3-A72A-118EF7350667}"
EndProject
Global
	GlobalSection(SolutionConfigurationPlatforms) = preSolution
		Debug|Any CPU = Debug|Any CPU
		Release|Any CPU = Release|Any CPU
	EndGlobalSection
	GlobalSection(ProjectConfigurationPlatforms) = postSolution
		{E9E63F64-1CB6-4E56-9887-04C7E20E603C}.Debug|Any CPU.ActiveCfg = Debug|Any CPU
		{E9E63F64-1CB6-4E56-9887-04C7E20E603C}.Debug|Any CPU.Build.0 = Debug|Any CPU
		{E9E63F64-1CB6-4E56-9887-04C7E20E603C}.Release|Any CPU.ActiveCfg = Release|Any CPU
		{E9E63F64-1CB6-4E56-9887-04C7E20E603C}.Release|Any CPU.Build.0 = Release|Any CPU
		{ECFDCD2F-D2B7-460D-AF68-B4D8AFCB5BA0}.Debug|Any CPU.ActiveCfg = Debug|Any CPU
		{ECFDCD2F-D2B7-460D-AF68-B4D8AFCB5BA0}.Debug|Any CPU.Build.0 = Debug|Any CPU
		{ECFDCD2F-D2B7-460D-AF68-B4D8AFCB5BA0}.Release|Any CPU.ActiveCfg = Release|Any CPU
		{ECFDCD2F-D2B7-460D-AF68-B4D8AFCB5BA0}.Release|Any CPU.Build.0 = Release|Any CPU
		{60FEC220-B13D-4941-B5F3-AA621F00EB52}.Debug|Any CPU.ActiveCfg = Debug|Any CPU
		{60FEC220-B13D-4941-B5F3-AA621F00EB52}.Debug|Any CPU.Build.0 = Debug|Any CPU
		{60FEC220-B13D-4941-B5F3-AA621F00EB52}.Release|Any CPU.ActiveCfg = Release|Any CPU
		{60FEC220-B13D-4941-B5F3-AA621F00EB52}.Release|Any CPU.Build.0 = Release|Any CPU
		{DDA62FC5-7524-4817-B7FD-C3121488BCBB}.Debug|Any CPU.ActiveCfg = Debug|Any CPU
		{DDA62FC5-7524-4817-B7FD-C3121488BCBB}.Debug|Any CPU.Build.0 = Debug|Any CPU
		{DDA62FC5-7524-4817-B7FD-C3121488BCBB}.Release|Any CPU.ActiveCfg = Release|Any CPU
		{DDA62FC5-7524-4817-B7FD-C3121488BCBB}.Release|Any CPU.Build.0 = Release|Any CPU
		{687D96BB-D71F-45F8-BBDF-CB0C168C4B40}.Debug|Any CPU.ActiveCfg = Debug|Any CPU
		{687D96BB-D71F-45F8-BBDF-CB0C168C4B40}.Debug|Any CPU.Build.0 = Debug|Any CPU
		{687D96BB-D71F-45F8-BBDF-CB0C168C4B40}.Release|Any CPU.ActiveCfg = Release|Any CPU
		{687D96BB-D71F-45F8-BBDF-CB0C168C4B40}.Release|Any CPU.Build.0 = Release|Any CPU
		{13D0DCA7-0A71-4507-9048-FB1C6D40B46A}.Debug|Any CPU.ActiveCfg = Debug|Any CPU
		{13D0DCA7-0A71-4507-9048-FB1C6D40B46A}.Debug|Any CPU.Build.0 = Debug|Any CPU
		{13D0DCA7-0A71-4507-9048-FB1C6D40B46A}.Release|Any CPU.ActiveCfg = Release|Any CPU
		{13D0DCA7-0A71-4507-9048-FB1C6D40B46A}.Release|Any CPU.Build.0 = Release|Any CPU
		{8201B6CB-ACB2-43B6-9D50-65D1FAC938FE}.Debug|Any CPU.ActiveCfg = Debug|Any CPU
		{8201B6CB-ACB2-43B6-9D50-65D1FAC938FE}.Debug|Any CPU.Build.0 = Debug|Any CPU
		{8201B6CB-ACB2-43B6-9D50-65D1FAC938FE}.Release|Any CPU.ActiveCfg = Release|Any CPU
		{8201B6CB-ACB2-43B6-9D50-65D1FAC938FE}.Release|Any CPU.Build.0 = Release|Any CPU
		{31B258AF-47D1-48D3-A72A-118EF7350667}.Debug|Any CPU.ActiveCfg = Debug|Any CPU
		{31B258AF-47D1-48D3-A72A-118EF7350667}.Debug|Any CPU.Build.0 = Debug|Any CPU
		{31B258AF-47D1-48D3-A72A-118EF7350667}.Release|Any CPU.ActiveCfg = Release|Any CPU
		{31B258AF-47D1-48D3-A72A-118EF7350667}.Release|Any CPU.Build.0 = Release|Any CPU
	EndGlobalSection
	GlobalSection(SolutionProperties) = preSolution
		HideSolutionNode = FALSE
	EndGlobalSection
	GlobalSection(ExtensibilityGlobals) = postSolution
		SolutionGuid = {0EF3E1EF-9E23-4BDB-B444-BE4F6EC3182D}
	EndGlobalSection
EndGlobal
